
Microsoft Visual Studio Solution File, Format Version 12.00
# Visual Studio Version 17
VisualStudioVersion = 17.4.33205.214
MinimumVisualStudioVersion = 10.0.40219.1
Project("{9A19103F-16F7-4668-BE54-9A1E7A4F7556}") = "MyAPI", "MyAPI\MyAPI.csproj", "{06060344-E018-4043-96CE-E54EF215A5A1}"
EndProject
Project("{9A19103F-16F7-4668-BE54-9A1E7A4F7556}") = "MyPersistence", "MyPersistence\MyPersistence.csproj", "{43A32F0C-5C61-4112-B163-CD35A132B3B4}"
EndProject
Project("{FAE04EC0-301F-11D3-BF4B-00C04F79EFBC}") = "MyModels", "MyModels\MyModels.csproj", "{0D931009-88CE-4DB1-87B0-76A1A04B75BB}"
EndProject
Global
	GlobalSection(SolutionConfigurationPlatforms) = preSolution
		Debug|Any CPU = Debug|Any CPU
		Release|Any CPU = Release|Any CPU
	EndGlobalSection
	GlobalSection(ProjectConfigurationPlatforms) = postSolution
		{06060344-E018-4043-96CE-E54EF215A5A1}.Debug|Any CPU.ActiveCfg = Debug|Any CPU
		{06060344-E018-4043-96CE-E54EF215A5A1}.Debug|Any CPU.Build.0 = Debug|Any CPU
		{06060344-E018-4043-96CE-E54EF215A5A1}.Release|Any CPU.ActiveCfg = Release|Any CPU
		{06060344-E018-4043-96CE-E54EF215A5A1}.Release|Any CPU.Build.0 = Release|Any CPU
		{43A32F0C-5C61-4112-B163-CD35A132B3B4}.Debug|Any CPU.ActiveCfg = Debug|Any CPU
		{43A32F0C-5C61-4112-B163-CD35A132B3B4}.Debug|Any CPU.Build.0 = Debug|Any CPU
		{43A32F0C-5C61-4112-B163-CD35A132B3B4}.Release|Any CPU.ActiveCfg = Release|Any CPU
		{43A32F0C-5C61-4112-B163-CD35A132B3B4}.Release|Any CPU.Build.0 = Release|Any CPU
		{0D931009-88CE-4DB1-87B0-76A1A04B75BB}.Debug|Any CPU.ActiveCfg = Debug|Any CPU
		{0D931009-88CE-4DB1-87B0-76A1A04B75BB}.Debug|Any CPU.Build.0 = Debug|Any CPU
		{0D931009-88CE-4DB1-87B0-76A1A04B75BB}.Release|Any CPU.ActiveCfg = Release|Any CPU
		{0D931009-88CE-4DB1-87B0-76A1A04B75BB}.Release|Any CPU.Build.0 = Release|Any CPU
	EndGlobalSection
	GlobalSection(SolutionProperties) = preSolution
		HideSolutionNode = FALSE
	EndGlobalSection
	GlobalSection(ExtensibilityGlobals) = postSolution
		SolutionGuid = {C07412D4-45C3-4EAD-93C1-10B018BC363F}
	EndGlobalSection
EndGlobal
